// !$*UTF8*$!
{
	archiveVersion = 1;
	classes = {
	};
	objectVersion = 46;
	objects = {

/* Begin PBXBuildFile section */
		7A04799016FC369000D71C2A /* Icon-114.png in Resources */ = {isa = PBXBuildFile; fileRef = 7A04798B16FC369000D71C2A /* Icon-114.png */; };
		7A04799116FC369000D71C2A /* Icon-144.png in Resources */ = {isa = PBXBuildFile; fileRef = 7A04798C16FC369000D71C2A /* Icon-144.png */; };
		7A04799216FC369000D71C2A /* Icon-57.png in Resources */ = {isa = PBXBuildFile; fileRef = 7A04798D16FC369000D71C2A /* Icon-57.png */; };
		7A04799316FC369000D71C2A /* Icon-72.png in Resources */ = {isa = PBXBuildFile; fileRef = 7A04798E16FC369000D71C2A /* Icon-72.png */; };
		7A04799416FC369000D71C2A /* iTunesArtwork in Resources */ = {isa = PBXBuildFile; fileRef = 7A04798F16FC369000D71C2A /* iTunesArtwork */; };
		7A08168E16FBC8D600DBC505 /* MBProgressHUD.m in Sources */ = {isa = PBXBuildFile; fileRef = 7A08168D16FBC8D600DBC505 /* MBProgressHUD.m */; };
		7A08169516FBC9FC00DBC505 /* CoreLocation.framework in Frameworks */ = {isa = PBXBuildFile; fileRef = 7A08169416FBC9FC00DBC505 /* CoreLocation.framework */; };
		7A08169816FBD11700DBC505 /* DataUtils.m in Sources */ = {isa = PBXBuildFile; fileRef = 7A08169716FBD11700DBC505 /* DataUtils.m */; };
		7A08169B16FBD33D00DBC505 /* DataUtilsTest.m in Sources */ = {isa = PBXBuildFile; fileRef = 7A08169A16FBD33D00DBC505 /* DataUtilsTest.m */; };
		7A08169F16FBF52600DBC505 /* TagCloudView.m in Sources */ = {isa = PBXBuildFile; fileRef = 7A08169E16FBF52600DBC505 /* TagCloudView.m */; };
		7A0816A016FBF52600DBC505 /* TagCloudView.m in Sources */ = {isa = PBXBuildFile; fileRef = 7A08169E16FBF52600DBC505 /* TagCloudView.m */; };
		7A0816A816FBFF2900DBC505 /* cloud1_.pdf in Resources */ = {isa = PBXBuildFile; fileRef = 7A0816A516FBFF2900DBC505 /* cloud1_.pdf */; };
		7A0816B316FBFF5C00DBC505 /* LICENSE.txt in Resources */ = {isa = PBXBuildFile; fileRef = 7A0816AA16FBFF5C00DBC505 /* LICENSE.txt */; };
		7A0816B416FBFF5C00DBC505 /* NSString+MD5.m in Sources */ = {isa = PBXBuildFile; fileRef = 7A0816AC16FBFF5C00DBC505 /* NSString+MD5.m */; };
		7A0816B516FBFF5C00DBC505 /* PDFView.m in Sources */ = {isa = PBXBuildFile; fileRef = 7A0816AE16FBFF5C00DBC505 /* PDFView.m */; };
		7A0816B616FBFF5C00DBC505 /* UIImage+PDF.m in Sources */ = {isa = PBXBuildFile; fileRef = 7A0816B016FBFF5C00DBC505 /* UIImage+PDF.m */; };
		7A0816B716FBFF5C00DBC505 /* UIView+Image.m in Sources */ = {isa = PBXBuildFile; fileRef = 7A0816B216FBFF5C00DBC505 /* UIView+Image.m */; };
		7A0816BC16FC040900DBC505 /* back.jpg in Resources */ = {isa = PBXBuildFile; fileRef = 7A0816BA16FC040900DBC505 /* back.jpg */; };
		7A0816BD16FC040900DBC505 /* back@2x.jpg in Resources */ = {isa = PBXBuildFile; fileRef = 7A0816BB16FC040900DBC505 /* back@2x.jpg */; };
		7A0816C016FC043F00DBC505 /* TagView.m in Sources */ = {isa = PBXBuildFile; fileRef = 7A0816BF16FC043F00DBC505 /* TagView.m */; };
		7A0816C616FC05CB00DBC505 /* CloudView.m in Sources */ = {isa = PBXBuildFile; fileRef = 7A0816C516FC05CB00DBC505 /* CloudView.m */; };
		7A0816CA16FC1BA800DBC505 /* font1.ttf in Resources */ = {isa = PBXBuildFile; fileRef = 7A0816C916FC1BA800DBC505 /* font1.ttf */; };
		7A0816CC16FC1BCA00DBC505 /* font2.ttf in Resources */ = {isa = PBXBuildFile; fileRef = 7A0816CB16FC1BCA00DBC505 /* font2.ttf */; };
		7A0816D016FC1BEB00DBC505 /* font4.ttf in Resources */ = {isa = PBXBuildFile; fileRef = 7A0816CF16FC1BEB00DBC505 /* font4.ttf */; };
		7A0816D216FC1C1300DBC505 /* font5.ttf in Resources */ = {isa = PBXBuildFile; fileRef = 7A0816D116FC1C1300DBC505 /* font5.ttf */; };
		7A0816D416FC22C500DBC505 /* fonts.plist in Resources */ = {isa = PBXBuildFile; fileRef = 7A0816D316FC22C500DBC505 /* fonts.plist */; };
		7A0816D516FC22C500DBC505 /* fonts.plist in Resources */ = {isa = PBXBuildFile; fileRef = 7A0816D316FC22C500DBC505 /* fonts.plist */; };
		7A0816D716FC269200DBC505 /* font3.ttf in Resources */ = {isa = PBXBuildFile; fileRef = 7A0816D616FC269200DBC505 /* font3.ttf */; };
		7A0816D916FC272700DBC505 /* font6.ttf in Resources */ = {isa = PBXBuildFile; fileRef = 7A0816D816FC272700DBC505 /* font6.ttf */; };
		7A0816DC16FC2AB100DBC505 /* wheeee.aiff in Resources */ = {isa = PBXBuildFile; fileRef = 7A0816DB16FC2AB100DBC505 /* wheeee.aiff */; };
		7A0816E016FC2B3800DBC505 /* AVFoundation.framework in Frameworks */ = {isa = PBXBuildFile; fileRef = 7A0816DF16FC2B3700DBC505 /* AVFoundation.framework */; };
		7A0816E316FC2B7D00DBC505 /* TagCloudViewController+Graphics.m in Sources */ = {isa = PBXBuildFile; fileRef = 7A0816E216FC2B7D00DBC505 /* TagCloudViewController+Graphics.m */; };
		7A0816E516FC318000DBC505 /* CoreMotion.framework in Frameworks */ = {isa = PBXBuildFile; fileRef = 7A0816E416FC317F00DBC505 /* CoreMotion.framework */; };
		7A0816E816FC31F100DBC505 /* TagCloudViewController+Sensors.m in Sources */ = {isa = PBXBuildFile; fileRef = 7A0816E716FC31F100DBC505 /* TagCloudViewController+Sensors.m */; };
		7A79A22316F92F3B00CA2DDA /* AppContext.m in Sources */ = {isa = PBXBuildFile; fileRef = 7A79A22216F92F3B00CA2DDA /* AppContext.m */; };
		7A79A22D16F9415800CA2DDA /* singleEvent.json in Resources */ = {isa = PBXBuildFile; fileRef = 7A79A22C16F9415800CA2DDA /* singleEvent.json */; };
		7A79A37816F9556900CA2DDA /* CoreGraphics.framework in Frameworks */ = {isa = PBXBuildFile; fileRef = 7ACAF88716F7EF6900CB6591 /* CoreGraphics.framework */; };
		7A79A3D816FA0B4500CA2DDA /* Security.framework in Frameworks */ = {isa = PBXBuildFile; fileRef = 7ACAFEA716F815F000CB6591 /* Security.framework */; };
		7A79A3D916FA0E0200CA2DDA /* AFOAuth2Client.m in Sources */ = {isa = PBXBuildFile; fileRef = 7A79A3CB16FA01F300CA2DDA /* AFOAuth2Client.m */; };
		7A79A3DC16FA0F4C00CA2DDA /* EventbriteChallengeContextTests.m in Sources */ = {isa = PBXBuildFile; fileRef = 7A79A3DB16FA0F4C00CA2DDA /* EventbriteChallengeContextTests.m */; };
		7A7EFEAC16FA160D005DA4BA /* TagCloudViewController.m in Sources */ = {isa = PBXBuildFile; fileRef = 7A7EFEAA16FA160D005DA4BA /* TagCloudViewController.m */; };
		7A7EFEAD16FA160D005DA4BA /* TagCloudViewController.xib in Resources */ = {isa = PBXBuildFile; fileRef = 7A7EFEAB16FA160D005DA4BA /* TagCloudViewController.xib */; };
		7A7EFEAF16FA1640005DA4BA /* MainWindow.xib in Resources */ = {isa = PBXBuildFile; fileRef = 7A7EFEAE16FA1640005DA4BA /* MainWindow.xib */; };
		7A7EFEB516FA1A14005DA4BA /* KeyTest.m in Sources */ = {isa = PBXBuildFile; fileRef = 7A7EFEB416FA1A14005DA4BA /* KeyTest.m */; };
		7A7EFEB816FA1A30005DA4BA /* KeyUtils.m in Sources */ = {isa = PBXBuildFile; fileRef = 7A7EFEB716FA1A30005DA4BA /* KeyUtils.m */; };
		7A7EFEB916FA1A30005DA4BA /* KeyUtils.m in Sources */ = {isa = PBXBuildFile; fileRef = 7A7EFEB716FA1A30005DA4BA /* KeyUtils.m */; };
		7ACAF88416F7EF6900CB6591 /* UIKit.framework in Frameworks */ = {isa = PBXBuildFile; fileRef = 7ACAF88316F7EF6900CB6591 /* UIKit.framework */; };
		7ACAF88616F7EF6900CB6591 /* Foundation.framework in Frameworks */ = {isa = PBXBuildFile; fileRef = 7ACAF88516F7EF6900CB6591 /* Foundation.framework */; };
		7ACAF88816F7EF6900CB6591 /* CoreGraphics.framework in Frameworks */ = {isa = PBXBuildFile; fileRef = 7ACAF88716F7EF6900CB6591 /* CoreGraphics.framework */; };
		7ACAF88E16F7EF6900CB6591 /* InfoPlist.strings in Resources */ = {isa = PBXBuildFile; fileRef = 7ACAF88C16F7EF6900CB6591 /* InfoPlist.strings */; };
		7ACAF89016F7EF6900CB6591 /* main.m in Sources */ = {isa = PBXBuildFile; fileRef = 7ACAF88F16F7EF6900CB6591 /* main.m */; };
		7ACAF89416F7EF6900CB6591 /* AppDelegate.m in Sources */ = {isa = PBXBuildFile; fileRef = 7ACAF89316F7EF6900CB6591 /* AppDelegate.m */; };
		7ACAF89616F7EF6900CB6591 /* Default.png in Resources */ = {isa = PBXBuildFile; fileRef = 7ACAF89516F7EF6900CB6591 /* Default.png */; };
		7ACAF89816F7EF6900CB6591 /* Default@2x.png in Resources */ = {isa = PBXBuildFile; fileRef = 7ACAF89716F7EF6900CB6591 /* Default@2x.png */; };
		7ACAF89A16F7EF6900CB6591 /* Default-568h@2x.png in Resources */ = {isa = PBXBuildFile; fileRef = 7ACAF89916F7EF6900CB6591 /* Default-568h@2x.png */; };
		7ACAF8AB16F7EF6900CB6591 /* SenTestingKit.framework in Frameworks */ = {isa = PBXBuildFile; fileRef = 7ACAF8AA16F7EF6900CB6591 /* SenTestingKit.framework */; };
		7ACAF8AC16F7EF6900CB6591 /* UIKit.framework in Frameworks */ = {isa = PBXBuildFile; fileRef = 7ACAF88316F7EF6900CB6591 /* UIKit.framework */; };
		7ACAF8AD16F7EF6900CB6591 /* Foundation.framework in Frameworks */ = {isa = PBXBuildFile; fileRef = 7ACAF88516F7EF6900CB6591 /* Foundation.framework */; };
		7ACAF8B516F7EF6900CB6591 /* InfoPlist.strings in Resources */ = {isa = PBXBuildFile; fileRef = 7ACAF8B316F7EF6900CB6591 /* InfoPlist.strings */; };
		7ACAF8B816F7EF6900CB6591 /* EventbriteChallengeTests.m in Sources */ = {isa = PBXBuildFile; fileRef = 7ACAF8B716F7EF6900CB6591 /* EventbriteChallengeTests.m */; };
		7ACAFEA216F8156E00CB6591 /* CoreData.framework in Frameworks */ = {isa = PBXBuildFile; fileRef = 7ACAFEA116F8156E00CB6591 /* CoreData.framework */; };
		7ACAFEA416F8159F00CB6591 /* CFNetwork.framework in Frameworks */ = {isa = PBXBuildFile; fileRef = 7ACAFEA316F8159F00CB6591 /* CFNetwork.framework */; };
		7ACAFEA616F815EB00CB6591 /* MobileCoreServices.framework in Frameworks */ = {isa = PBXBuildFile; fileRef = 7ACAFEA516F815EB00CB6591 /* MobileCoreServices.framework */; };
		7ACAFEA816F815F000CB6591 /* Security.framework in Frameworks */ = {isa = PBXBuildFile; fileRef = 7ACAFEA716F815F000CB6591 /* Security.framework */; };
		7ACAFEAA16F815F700CB6591 /* SystemConfiguration.framework in Frameworks */ = {isa = PBXBuildFile; fileRef = 7ACAFEA916F815F700CB6591 /* SystemConfiguration.framework */; };
		7ACAFEB916F8276200CB6591 /* Model.m in Sources */ = {isa = PBXBuildFile; fileRef = 7ACAFEB716F8276200CB6591 /* Model.m */; };
		7ACAFEBA16F8276200CB6591 /* Model.m in Sources */ = {isa = PBXBuildFile; fileRef = 7ACAFEB716F8276200CB6591 /* Model.m */; };
		7ACAFED116F828D800CB6591 /* libRestKit.a in Frameworks */ = {isa = PBXBuildFile; fileRef = 7ACAFEC816F828CA00CB6591 /* libRestKit.a */; };
		7ACAFED916F828EA00CB6591 /* JSONKit.m in Sources */ = {isa = PBXBuildFile; fileRef = 7ACAFED516F828EA00CB6591 /* JSONKit.m */; settings = {COMPILER_FLAGS = "-fno-objc-arc"; }; };
		7ACAFEDA16F828EA00CB6591 /* JSONKit.m in Sources */ = {isa = PBXBuildFile; fileRef = 7ACAFED516F828EA00CB6591 /* JSONKit.m */; settings = {COMPILER_FLAGS = "-fno-objc-arc"; }; };
		7ACAFEE316F82E1300CB6591 /* ModelMapping.m in Sources */ = {isa = PBXBuildFile; fileRef = 7ACAFEE216F82E1300CB6591 /* ModelMapping.m */; };
		7ACAFEE416F82E1300CB6591 /* ModelMapping.m in Sources */ = {isa = PBXBuildFile; fileRef = 7ACAFEE216F82E1300CB6591 /* ModelMapping.m */; };
		7AF3AFFA16FCA76A007C0067 /* callout.pdf in Resources */ = {isa = PBXBuildFile; fileRef = 7AF3AFF916FCA76A007C0067 /* callout.pdf */; };
		7AF3AFFD16FCA7AC007C0067 /* HintManager.m in Sources */ = {isa = PBXBuildFile; fileRef = 7AF3AFFC16FCA7AC007C0067 /* HintManager.m */; };
		7AF3B00516FCA868007C0067 /* NSTimer+Blocks.m in Sources */ = {isa = PBXBuildFile; fileRef = 7AF3B00416FCA868007C0067 /* NSTimer+Blocks.m */; };
		7AF3B00916FCB6A2007C0067 /* EventListViewController.m in Sources */ = {isa = PBXBuildFile; fileRef = 7AF3B00716FCB6A2007C0067 /* EventListViewController.m */; };
		7AF3B00A16FCB6A2007C0067 /* EventListViewController.xib in Resources */ = {isa = PBXBuildFile; fileRef = 7AF3B00816FCB6A2007C0067 /* EventListViewController.xib */; };
		7AF3B00D16FCBB46007C0067 /* backBtn.png in Resources */ = {isa = PBXBuildFile; fileRef = 7AF3B00B16FCBB46007C0067 /* backBtn.png */; };
		7AF3B00E16FCBB46007C0067 /* backBtn@2x.png in Resources */ = {isa = PBXBuildFile; fileRef = 7AF3B00C16FCBB46007C0067 /* backBtn@2x.png */; };
/* End PBXBuildFile section */

/* Begin PBXContainerItemProxy section */
		7A79A37316F9529200CA2DDA /* PBXContainerItemProxy */ = {
			isa = PBXContainerItemProxy;
			containerPortal = 7ACAFEC016F828CA00CB6591 /* RestKit.xcodeproj */;
			proxyType = 1;
			remoteGlobalIDString = 25160D1514564E810060A5C5;
			remoteInfo = RestKit;
		};
		7ACAF8AE16F7EF6900CB6591 /* PBXContainerItemProxy */ = {
			isa = PBXContainerItemProxy;
			containerPortal = 7ACAF87816F7EF6900CB6591 /* Project object */;
			proxyType = 1;
			remoteGlobalIDString = 7ACAF87F16F7EF6900CB6591;
			remoteInfo = EventbriteChallenge;
		};
		7ACAFEC716F828CA00CB6591 /* PBXContainerItemProxy */ = {
			isa = PBXContainerItemProxy;
			containerPortal = 7ACAFEC016F828CA00CB6591 /* RestKit.xcodeproj */;
			proxyType = 2;
			remoteGlobalIDString = 25160D1614564E810060A5C5;
			remoteInfo = RestKit;
		};
		7ACAFEC916F828CA00CB6591 /* PBXContainerItemProxy */ = {
			isa = PBXContainerItemProxy;
			containerPortal = 7ACAFEC016F828CA00CB6591 /* RestKit.xcodeproj */;
			proxyType = 2;
			remoteGlobalIDString = 25160D2614564E820060A5C5;
			remoteInfo = RestKitTests;
		};
		7ACAFECB16F828CA00CB6591 /* PBXContainerItemProxy */ = {
			isa = PBXContainerItemProxy;
			containerPortal = 7ACAFEC016F828CA00CB6591 /* RestKit.xcodeproj */;
			proxyType = 2;
			remoteGlobalIDString = 25160E62145651060060A5C5;
			remoteInfo = RestKitFramework;
		};
		7ACAFECD16F828CA00CB6591 /* PBXContainerItemProxy */ = {
			isa = PBXContainerItemProxy;
			containerPortal = 7ACAFEC016F828CA00CB6591 /* RestKit.xcodeproj */;
			proxyType = 2;
			remoteGlobalIDString = 25160E78145651060060A5C5;
			remoteInfo = RestKitFrameworkTests;
		};
/* End PBXContainerItemProxy section */

/* Begin PBXFileReference section */
		7A04798B16FC369000D71C2A /* Icon-114.png */ = {isa = PBXFileReference; lastKnownFileType = image.png; path = "Icon-114.png"; sourceTree = "<group>"; };
		7A04798C16FC369000D71C2A /* Icon-144.png */ = {isa = PBXFileReference; lastKnownFileType = image.png; path = "Icon-144.png"; sourceTree = "<group>"; };
		7A04798D16FC369000D71C2A /* Icon-57.png */ = {isa = PBXFileReference; lastKnownFileType = image.png; path = "Icon-57.png"; sourceTree = "<group>"; };
		7A04798E16FC369000D71C2A /* Icon-72.png */ = {isa = PBXFileReference; lastKnownFileType = image.png; path = "Icon-72.png"; sourceTree = "<group>"; };
		7A04798F16FC369000D71C2A /* iTunesArtwork */ = {isa = PBXFileReference; lastKnownFileType = file; path = iTunesArtwork; sourceTree = "<group>"; };
		7A08168C16FBC8D600DBC505 /* MBProgressHUD.h */ = {isa = PBXFileReference; fileEncoding = 4; lastKnownFileType = sourcecode.c.h; path = MBProgressHUD.h; sourceTree = "<group>"; };
		7A08168D16FBC8D600DBC505 /* MBProgressHUD.m */ = {isa = PBXFileReference; fileEncoding = 4; lastKnownFileType = sourcecode.c.objc; path = MBProgressHUD.m; sourceTree = "<group>"; };
		7A08169416FBC9FC00DBC505 /* CoreLocation.framework */ = {isa = PBXFileReference; lastKnownFileType = wrapper.framework; name = CoreLocation.framework; path = System/Library/Frameworks/CoreLocation.framework; sourceTree = SDKROOT; };
		7A08169616FBD11700DBC505 /* DataUtils.h */ = {isa = PBXFileReference; fileEncoding = 4; lastKnownFileType = sourcecode.c.h; path = DataUtils.h; sourceTree = "<group>"; };
		7A08169716FBD11700DBC505 /* DataUtils.m */ = {isa = PBXFileReference; fileEncoding = 4; lastKnownFileType = sourcecode.c.objc; path = DataUtils.m; sourceTree = "<group>"; };
		7A08169916FBD33D00DBC505 /* DataUtilsTest.h */ = {isa = PBXFileReference; fileEncoding = 4; lastKnownFileType = sourcecode.c.h; path = DataUtilsTest.h; sourceTree = "<group>"; };
		7A08169A16FBD33D00DBC505 /* DataUtilsTest.m */ = {isa = PBXFileReference; fileEncoding = 4; lastKnownFileType = sourcecode.c.objc; path = DataUtilsTest.m; sourceTree = "<group>"; };
		7A08169D16FBF52600DBC505 /* TagCloudView.h */ = {isa = PBXFileReference; fileEncoding = 4; lastKnownFileType = sourcecode.c.h; path = TagCloudView.h; sourceTree = "<group>"; };
		7A08169E16FBF52600DBC505 /* TagCloudView.m */ = {isa = PBXFileReference; fileEncoding = 4; lastKnownFileType = sourcecode.c.objc; path = TagCloudView.m; sourceTree = "<group>"; };
		7A0816A516FBFF2900DBC505 /* cloud1_.pdf */ = {isa = PBXFileReference; lastKnownFileType = image.pdf; path = cloud1_.pdf; sourceTree = "<group>"; };
		7A0816AA16FBFF5C00DBC505 /* LICENSE.txt */ = {isa = PBXFileReference; fileEncoding = 4; lastKnownFileType = text; path = LICENSE.txt; sourceTree = "<group>"; };
		7A0816AB16FBFF5C00DBC505 /* NSString+MD5.h */ = {isa = PBXFileReference; fileEncoding = 4; lastKnownFileType = sourcecode.c.h; path = "NSString+MD5.h"; sourceTree = "<group>"; };
		7A0816AC16FBFF5C00DBC505 /* NSString+MD5.m */ = {isa = PBXFileReference; fileEncoding = 4; lastKnownFileType = sourcecode.c.objc; path = "NSString+MD5.m"; sourceTree = "<group>"; };
		7A0816AD16FBFF5C00DBC505 /* PDFView.h */ = {isa = PBXFileReference; fileEncoding = 4; lastKnownFileType = sourcecode.c.h; path = PDFView.h; sourceTree = "<group>"; };
		7A0816AE16FBFF5C00DBC505 /* PDFView.m */ = {isa = PBXFileReference; fileEncoding = 4; lastKnownFileType = sourcecode.c.objc; path = PDFView.m; sourceTree = "<group>"; };
		7A0816AF16FBFF5C00DBC505 /* UIImage+PDF.h */ = {isa = PBXFileReference; fileEncoding = 4; lastKnownFileType = sourcecode.c.h; path = "UIImage+PDF.h"; sourceTree = "<group>"; };
		7A0816B016FBFF5C00DBC505 /* UIImage+PDF.m */ = {isa = PBXFileReference; fileEncoding = 4; lastKnownFileType = sourcecode.c.objc; path = "UIImage+PDF.m"; sourceTree = "<group>"; };
		7A0816B116FBFF5C00DBC505 /* UIView+Image.h */ = {isa = PBXFileReference; fileEncoding = 4; lastKnownFileType = sourcecode.c.h; path = "UIView+Image.h"; sourceTree = "<group>"; };
		7A0816B216FBFF5C00DBC505 /* UIView+Image.m */ = {isa = PBXFileReference; fileEncoding = 4; lastKnownFileType = sourcecode.c.objc; path = "UIView+Image.m"; sourceTree = "<group>"; };
		7A0816BA16FC040900DBC505 /* back.jpg */ = {isa = PBXFileReference; lastKnownFileType = image.jpeg; path = back.jpg; sourceTree = "<group>"; };
		7A0816BB16FC040900DBC505 /* back@2x.jpg */ = {isa = PBXFileReference; lastKnownFileType = image.jpeg; path = "back@2x.jpg"; sourceTree = "<group>"; };
		7A0816BE16FC043F00DBC505 /* TagView.h */ = {isa = PBXFileReference; fileEncoding = 4; lastKnownFileType = sourcecode.c.h; path = TagView.h; sourceTree = "<group>"; };
		7A0816BF16FC043F00DBC505 /* TagView.m */ = {isa = PBXFileReference; fileEncoding = 4; lastKnownFileType = sourcecode.c.objc; path = TagView.m; sourceTree = "<group>"; };
		7A0816C116FC05B200DBC505 /* FlyingObject.h */ = {isa = PBXFileReference; fileEncoding = 4; lastKnownFileType = sourcecode.c.h; path = FlyingObject.h; sourceTree = "<group>"; };
		7A0816C416FC05CB00DBC505 /* CloudView.h */ = {isa = PBXFileReference; fileEncoding = 4; lastKnownFileType = sourcecode.c.h; path = CloudView.h; sourceTree = "<group>"; };
		7A0816C516FC05CB00DBC505 /* CloudView.m */ = {isa = PBXFileReference; fileEncoding = 4; lastKnownFileType = sourcecode.c.objc; path = CloudView.m; sourceTree = "<group>"; };
		7A0816C916FC1BA800DBC505 /* font1.ttf */ = {isa = PBXFileReference; lastKnownFileType = file; path = font1.ttf; sourceTree = "<group>"; };
		7A0816CB16FC1BCA00DBC505 /* font2.ttf */ = {isa = PBXFileReference; lastKnownFileType = file; path = font2.ttf; sourceTree = "<group>"; };
		7A0816CF16FC1BEB00DBC505 /* font4.ttf */ = {isa = PBXFileReference; lastKnownFileType = file; path = font4.ttf; sourceTree = "<group>"; };
		7A0816D116FC1C1300DBC505 /* font5.ttf */ = {isa = PBXFileReference; lastKnownFileType = file; path = font5.ttf; sourceTree = "<group>"; };
		7A0816D316FC22C500DBC505 /* fonts.plist */ = {isa = PBXFileReference; fileEncoding = 4; lastKnownFileType = text.plist.xml; path = fonts.plist; sourceTree = "<group>"; };
		7A0816D616FC269200DBC505 /* font3.ttf */ = {isa = PBXFileReference; lastKnownFileType = file; path = font3.ttf; sourceTree = "<group>"; };
		7A0816D816FC272700DBC505 /* font6.ttf */ = {isa = PBXFileReference; lastKnownFileType = file; path = font6.ttf; sourceTree = "<group>"; };
		7A0816DB16FC2AB100DBC505 /* wheeee.aiff */ = {isa = PBXFileReference; lastKnownFileType = audio.aiff; path = wheeee.aiff; sourceTree = "<group>"; };
		7A0816DD16FC2B2400DBC505 /* AudioToolbox.framework */ = {isa = PBXFileReference; lastKnownFileType = wrapper.framework; name = AudioToolbox.framework; path = System/Library/Frameworks/AudioToolbox.framework; sourceTree = SDKROOT; };
		7A0816DF16FC2B3700DBC505 /* AVFoundation.framework */ = {isa = PBXFileReference; lastKnownFileType = wrapper.framework; name = AVFoundation.framework; path = System/Library/Frameworks/AVFoundation.framework; sourceTree = SDKROOT; };
		7A0816E216FC2B7D00DBC505 /* TagCloudViewController+Graphics.m */ = {isa = PBXFileReference; fileEncoding = 4; lastKnownFileType = sourcecode.c.objc; path = "TagCloudViewController+Graphics.m"; sourceTree = "<group>"; };
		7A0816E416FC317F00DBC505 /* CoreMotion.framework */ = {isa = PBXFileReference; lastKnownFileType = wrapper.framework; name = CoreMotion.framework; path = System/Library/Frameworks/CoreMotion.framework; sourceTree = SDKROOT; };
		7A0816E716FC31F100DBC505 /* TagCloudViewController+Sensors.m */ = {isa = PBXFileReference; fileEncoding = 4; lastKnownFileType = sourcecode.c.objc; path = "TagCloudViewController+Sensors.m"; sourceTree = "<group>"; };
		7A79A22116F92F3B00CA2DDA /* AppContext.h */ = {isa = PBXFileReference; fileEncoding = 4; lastKnownFileType = sourcecode.c.h; path = AppContext.h; sourceTree = "<group>"; };
		7A79A22216F92F3B00CA2DDA /* AppContext.m */ = {isa = PBXFileReference; fileEncoding = 4; lastKnownFileType = sourcecode.c.objc; path = AppContext.m; sourceTree = "<group>"; };
		7A79A22C16F9415800CA2DDA /* singleEvent.json */ = {isa = PBXFileReference; fileEncoding = 4; lastKnownFileType = text.json; path = singleEvent.json; sourceTree = "<group>"; };
		7A79A3CA16FA01F300CA2DDA /* AFOAuth2Client.h */ = {isa = PBXFileReference; fileEncoding = 4; lastKnownFileType = sourcecode.c.h; path = AFOAuth2Client.h; sourceTree = "<group>"; };
		7A79A3CB16FA01F300CA2DDA /* AFOAuth2Client.m */ = {isa = PBXFileReference; fileEncoding = 4; lastKnownFileType = sourcecode.c.objc; path = AFOAuth2Client.m; sourceTree = "<group>"; };
		7A79A3DA16FA0F4C00CA2DDA /* EventbriteChallengeContextTests.h */ = {isa = PBXFileReference; fileEncoding = 4; lastKnownFileType = sourcecode.c.h; path = EventbriteChallengeContextTests.h; sourceTree = "<group>"; };
		7A79A3DB16FA0F4C00CA2DDA /* EventbriteChallengeContextTests.m */ = {isa = PBXFileReference; fileEncoding = 4; lastKnownFileType = sourcecode.c.objc; path = EventbriteChallengeContextTests.m; sourceTree = "<group>"; };
		7A7EFEA916FA160D005DA4BA /* TagCloudViewController.h */ = {isa = PBXFileReference; fileEncoding = 4; lastKnownFileType = sourcecode.c.h; path = TagCloudViewController.h; sourceTree = "<group>"; };
		7A7EFEAA16FA160D005DA4BA /* TagCloudViewController.m */ = {isa = PBXFileReference; fileEncoding = 4; lastKnownFileType = sourcecode.c.objc; path = TagCloudViewController.m; sourceTree = "<group>"; };
		7A7EFEAB16FA160D005DA4BA /* TagCloudViewController.xib */ = {isa = PBXFileReference; fileEncoding = 4; lastKnownFileType = file.xib; path = TagCloudViewController.xib; sourceTree = "<group>"; };
		7A7EFEAE16FA1640005DA4BA /* MainWindow.xib */ = {isa = PBXFileReference; fileEncoding = 4; lastKnownFileType = file.xib; path = MainWindow.xib; sourceTree = "<group>"; };
		7A7EFEB316FA1A14005DA4BA /* KeyTest.h */ = {isa = PBXFileReference; fileEncoding = 4; lastKnownFileType = sourcecode.c.h; path = KeyTest.h; sourceTree = "<group>"; };
		7A7EFEB416FA1A14005DA4BA /* KeyTest.m */ = {isa = PBXFileReference; fileEncoding = 4; lastKnownFileType = sourcecode.c.objc; path = KeyTest.m; sourceTree = "<group>"; };
		7A7EFEB616FA1A30005DA4BA /* KeyUtils.h */ = {isa = PBXFileReference; fileEncoding = 4; lastKnownFileType = sourcecode.c.h; path = KeyUtils.h; sourceTree = "<group>"; };
		7A7EFEB716FA1A30005DA4BA /* KeyUtils.m */ = {isa = PBXFileReference; fileEncoding = 4; lastKnownFileType = sourcecode.c.objc; path = KeyUtils.m; sourceTree = "<group>"; };
		7ACAF88016F7EF6900CB6591 /* EventbriteChallenge.app */ = {isa = PBXFileReference; explicitFileType = wrapper.application; includeInIndex = 0; path = EventbriteChallenge.app; sourceTree = BUILT_PRODUCTS_DIR; };
		7ACAF88316F7EF6900CB6591 /* UIKit.framework */ = {isa = PBXFileReference; lastKnownFileType = wrapper.framework; name = UIKit.framework; path = System/Library/Frameworks/UIKit.framework; sourceTree = SDKROOT; };
		7ACAF88516F7EF6900CB6591 /* Foundation.framework */ = {isa = PBXFileReference; lastKnownFileType = wrapper.framework; name = Foundation.framework; path = System/Library/Frameworks/Foundation.framework; sourceTree = SDKROOT; };
		7ACAF88716F7EF6900CB6591 /* CoreGraphics.framework */ = {isa = PBXFileReference; lastKnownFileType = wrapper.framework; name = CoreGraphics.framework; path = System/Library/Frameworks/CoreGraphics.framework; sourceTree = SDKROOT; };
		7ACAF88B16F7EF6900CB6591 /* EventbriteChallenge-Info.plist */ = {isa = PBXFileReference; lastKnownFileType = text.plist.xml; path = "EventbriteChallenge-Info.plist"; sourceTree = "<group>"; };
		7ACAF88D16F7EF6900CB6591 /* en */ = {isa = PBXFileReference; lastKnownFileType = text.plist.strings; name = en; path = en.lproj/InfoPlist.strings; sourceTree = "<group>"; };
		7ACAF88F16F7EF6900CB6591 /* main.m */ = {isa = PBXFileReference; lastKnownFileType = sourcecode.c.objc; path = main.m; sourceTree = "<group>"; };
		7ACAF89116F7EF6900CB6591 /* EventbriteChallenge-Prefix.pch */ = {isa = PBXFileReference; lastKnownFileType = sourcecode.c.h; path = "EventbriteChallenge-Prefix.pch"; sourceTree = "<group>"; };
		7ACAF89216F7EF6900CB6591 /* AppDelegate.h */ = {isa = PBXFileReference; lastKnownFileType = sourcecode.c.h; path = AppDelegate.h; sourceTree = "<group>"; };
		7ACAF89316F7EF6900CB6591 /* AppDelegate.m */ = {isa = PBXFileReference; lastKnownFileType = sourcecode.c.objc; path = AppDelegate.m; sourceTree = "<group>"; };
		7ACAF89516F7EF6900CB6591 /* Default.png */ = {isa = PBXFileReference; lastKnownFileType = image.png; path = Default.png; sourceTree = "<group>"; };
		7ACAF89716F7EF6900CB6591 /* Default@2x.png */ = {isa = PBXFileReference; lastKnownFileType = image.png; path = "Default@2x.png"; sourceTree = "<group>"; };
		7ACAF89916F7EF6900CB6591 /* Default-568h@2x.png */ = {isa = PBXFileReference; lastKnownFileType = image.png; path = "Default-568h@2x.png"; sourceTree = "<group>"; };
		7ACAF8A916F7EF6900CB6591 /* EventbriteChallengeTests.octest */ = {isa = PBXFileReference; explicitFileType = wrapper.cfbundle; includeInIndex = 0; path = EventbriteChallengeTests.octest; sourceTree = BUILT_PRODUCTS_DIR; };
		7ACAF8AA16F7EF6900CB6591 /* SenTestingKit.framework */ = {isa = PBXFileReference; lastKnownFileType = wrapper.framework; name = SenTestingKit.framework; path = Library/Frameworks/SenTestingKit.framework; sourceTree = DEVELOPER_DIR; };
		7ACAF8B216F7EF6900CB6591 /* EventbriteChallengeTests-Info.plist */ = {isa = PBXFileReference; lastKnownFileType = text.plist.xml; path = "EventbriteChallengeTests-Info.plist"; sourceTree = "<group>"; };
		7ACAF8B416F7EF6900CB6591 /* en */ = {isa = PBXFileReference; lastKnownFileType = text.plist.strings; name = en; path = en.lproj/InfoPlist.strings; sourceTree = "<group>"; };
		7ACAF8B616F7EF6900CB6591 /* EventbriteChallengeTests.h */ = {isa = PBXFileReference; lastKnownFileType = sourcecode.c.h; path = EventbriteChallengeTests.h; sourceTree = "<group>"; };
		7ACAF8B716F7EF6900CB6591 /* EventbriteChallengeTests.m */ = {isa = PBXFileReference; lastKnownFileType = sourcecode.c.objc; path = EventbriteChallengeTests.m; sourceTree = "<group>"; };
		7ACAFEA116F8156E00CB6591 /* CoreData.framework */ = {isa = PBXFileReference; lastKnownFileType = wrapper.framework; name = CoreData.framework; path = System/Library/Frameworks/CoreData.framework; sourceTree = SDKROOT; };
		7ACAFEA316F8159F00CB6591 /* CFNetwork.framework */ = {isa = PBXFileReference; lastKnownFileType = wrapper.framework; name = CFNetwork.framework; path = System/Library/Frameworks/CFNetwork.framework; sourceTree = SDKROOT; };
		7ACAFEA516F815EB00CB6591 /* MobileCoreServices.framework */ = {isa = PBXFileReference; lastKnownFileType = wrapper.framework; name = MobileCoreServices.framework; path = System/Library/Frameworks/MobileCoreServices.framework; sourceTree = SDKROOT; };
		7ACAFEA716F815F000CB6591 /* Security.framework */ = {isa = PBXFileReference; lastKnownFileType = wrapper.framework; name = Security.framework; path = System/Library/Frameworks/Security.framework; sourceTree = SDKROOT; };
		7ACAFEA916F815F700CB6591 /* SystemConfiguration.framework */ = {isa = PBXFileReference; lastKnownFileType = wrapper.framework; name = SystemConfiguration.framework; path = System/Library/Frameworks/SystemConfiguration.framework; sourceTree = SDKROOT; };
		7ACAFEB716F8276200CB6591 /* Model.m */ = {isa = PBXFileReference; fileEncoding = 4; lastKnownFileType = sourcecode.c.objc; path = Model.m; sourceTree = "<group>"; };
		7ACAFEB816F8276200CB6591 /* Model.h */ = {isa = PBXFileReference; fileEncoding = 4; lastKnownFileType = sourcecode.c.h; path = Model.h; sourceTree = "<group>"; };
		7ACAFEC016F828CA00CB6591 /* RestKit.xcodeproj */ = {isa = PBXFileReference; lastKnownFileType = "wrapper.pb-project"; name = RestKit.xcodeproj; path = RestKit/RestKit.xcodeproj; sourceTree = "<group>"; };
		7ACAFED416F828EA00CB6591 /* JSONKit.h */ = {isa = PBXFileReference; fileEncoding = 4; lastKnownFileType = sourcecode.c.h; path = JSONKit.h; sourceTree = "<group>"; };
		7ACAFED516F828EA00CB6591 /* JSONKit.m */ = {isa = PBXFileReference; fileEncoding = 4; lastKnownFileType = sourcecode.c.objc; path = JSONKit.m; sourceTree = "<group>"; };
		7ACAFEE116F82E1300CB6591 /* ModelMapping.h */ = {isa = PBXFileReference; fileEncoding = 4; lastKnownFileType = sourcecode.c.h; path = ModelMapping.h; sourceTree = "<group>"; };
		7ACAFEE216F82E1300CB6591 /* ModelMapping.m */ = {isa = PBXFileReference; fileEncoding = 4; lastKnownFileType = sourcecode.c.objc; path = ModelMapping.m; sourceTree = "<group>"; };
		7AF3AFF916FCA76A007C0067 /* callout.pdf */ = {isa = PBXFileReference; lastKnownFileType = image.pdf; path = callout.pdf; sourceTree = "<group>"; };
		7AF3AFFB16FCA7AC007C0067 /* HintManager.h */ = {isa = PBXFileReference; fileEncoding = 4; lastKnownFileType = sourcecode.c.h; path = HintManager.h; sourceTree = "<group>"; };
		7AF3AFFC16FCA7AC007C0067 /* HintManager.m */ = {isa = PBXFileReference; fileEncoding = 4; lastKnownFileType = sourcecode.c.objc; path = HintManager.m; sourceTree = "<group>"; };
		7AF3B00316FCA868007C0067 /* NSTimer+Blocks.h */ = {isa = PBXFileReference; fileEncoding = 4; lastKnownFileType = sourcecode.c.h; path = "NSTimer+Blocks.h"; sourceTree = "<group>"; };
		7AF3B00416FCA868007C0067 /* NSTimer+Blocks.m */ = {isa = PBXFileReference; fileEncoding = 4; lastKnownFileType = sourcecode.c.objc; path = "NSTimer+Blocks.m"; sourceTree = "<group>"; };
		7AF3B00616FCB6A2007C0067 /* EventListViewController.h */ = {isa = PBXFileReference; fileEncoding = 4; lastKnownFileType = sourcecode.c.h; path = EventListViewController.h; sourceTree = "<group>"; };
		7AF3B00716FCB6A2007C0067 /* EventListViewController.m */ = {isa = PBXFileReference; fileEncoding = 4; lastKnownFileType = sourcecode.c.objc; path = EventListViewController.m; sourceTree = "<group>"; };
		7AF3B00816FCB6A2007C0067 /* EventListViewController.xib */ = {isa = PBXFileReference; fileEncoding = 4; lastKnownFileType = file.xib; path = EventListViewController.xib; sourceTree = "<group>"; };
		7AF3B00B16FCBB46007C0067 /* backBtn.png */ = {isa = PBXFileReference; lastKnownFileType = image.png; path = backBtn.png; sourceTree = "<group>"; };
		7AF3B00C16FCBB46007C0067 /* backBtn@2x.png */ = {isa = PBXFileReference; lastKnownFileType = image.png; path = "backBtn@2x.png"; sourceTree = "<group>"; };
/* End PBXFileReference section */

/* Begin PBXFrameworksBuildPhase section */
		7ACAF87D16F7EF6900CB6591 /* Frameworks */ = {
			isa = PBXFrameworksBuildPhase;
			buildActionMask = 2147483647;
			files = (
				7A0816E516FC318000DBC505 /* CoreMotion.framework in Frameworks */,
				7A0816E016FC2B3800DBC505 /* AVFoundation.framework in Frameworks */,
				7A08169516FBC9FC00DBC505 /* CoreLocation.framework in Frameworks */,
				7ACAFEA816F815F000CB6591 /* Security.framework in Frameworks */,
				7ACAFED116F828D800CB6591 /* libRestKit.a in Frameworks */,
				7ACAFEAA16F815F700CB6591 /* SystemConfiguration.framework in Frameworks */,
				7ACAFEA616F815EB00CB6591 /* MobileCoreServices.framework in Frameworks */,
				7ACAFEA416F8159F00CB6591 /* CFNetwork.framework in Frameworks */,
				7ACAFEA216F8156E00CB6591 /* CoreData.framework in Frameworks */,
				7ACAF88416F7EF6900CB6591 /* UIKit.framework in Frameworks */,
				7ACAF88616F7EF6900CB6591 /* Foundation.framework in Frameworks */,
				7ACAF88816F7EF6900CB6591 /* CoreGraphics.framework in Frameworks */,
			);
			runOnlyForDeploymentPostprocessing = 0;
		};
		7ACAF8A516F7EF6900CB6591 /* Frameworks */ = {
			isa = PBXFrameworksBuildPhase;
			buildActionMask = 2147483647;
			files = (
				7ACAF8AB16F7EF6900CB6591 /* SenTestingKit.framework in Frameworks */,
				7ACAF8AC16F7EF6900CB6591 /* UIKit.framework in Frameworks */,
				7ACAF8AD16F7EF6900CB6591 /* Foundation.framework in Frameworks */,
				7A79A37816F9556900CA2DDA /* CoreGraphics.framework in Frameworks */,
				7A79A3D816FA0B4500CA2DDA /* Security.framework in Frameworks */,
			);
			runOnlyForDeploymentPostprocessing = 0;
		};
/* End PBXFrameworksBuildPhase section */

/* Begin PBXGroup section */
		7A04798A16FC369000D71C2A /* icons */ = {
			isa = PBXGroup;
			children = (
				7A04798B16FC369000D71C2A /* Icon-114.png */,
				7A04798C16FC369000D71C2A /* Icon-144.png */,
				7A04798D16FC369000D71C2A /* Icon-57.png */,
				7A04798E16FC369000D71C2A /* Icon-72.png */,
				7A04798F16FC369000D71C2A /* iTunesArtwork */,
			);
			path = icons;
			sourceTree = "<group>";
		};
		7A08169C16FBF50400DBC505 /* UI Controls */ = {
			isa = PBXGroup;
			children = (
				7A0816C716FC063A00DBC505 /* elements */,
				7A08169D16FBF52600DBC505 /* TagCloudView.h */,
				7A08169E16FBF52600DBC505 /* TagCloudView.m */,
			);
			path = "UI Controls";
			sourceTree = "<group>";
		};
		7A0816A116FBFF2900DBC505 /* resources */ = {
			isa = PBXGroup;
			children = (
				7A04798A16FC369000D71C2A /* icons */,
				7A0816DA16FC2AA000DBC505 /* sounds */,
				7A0816C816FC1B9B00DBC505 /* fonts */,
				7A0816A216FBFF2900DBC505 /* images */,
			);
			path = resources;
			sourceTree = "<group>";
		};
		7A0816A216FBFF2900DBC505 /* images */ = {
			isa = PBXGroup;
			children = (
				7AF3B00B16FCBB46007C0067 /* backBtn.png */,
				7AF3B00C16FCBB46007C0067 /* backBtn@2x.png */,
				7AF3AFF916FCA76A007C0067 /* callout.pdf */,
				7A0816BA16FC040900DBC505 /* back.jpg */,
				7A0816BB16FC040900DBC505 /* back@2x.jpg */,
				7A0816A516FBFF2900DBC505 /* cloud1_.pdf */,
			);
			path = images;
			sourceTree = "<group>";
		};
		7A0816A916FBFF5C00DBC505 /* UIImage+PDF */ = {
			isa = PBXGroup;
			children = (
				7A0816AA16FBFF5C00DBC505 /* LICENSE.txt */,
				7A0816AB16FBFF5C00DBC505 /* NSString+MD5.h */,
				7A0816AC16FBFF5C00DBC505 /* NSString+MD5.m */,
				7A0816AD16FBFF5C00DBC505 /* PDFView.h */,
				7A0816AE16FBFF5C00DBC505 /* PDFView.m */,
				7A0816AF16FBFF5C00DBC505 /* UIImage+PDF.h */,
				7A0816B016FBFF5C00DBC505 /* UIImage+PDF.m */,
				7A0816B116FBFF5C00DBC505 /* UIView+Image.h */,
				7A0816B216FBFF5C00DBC505 /* UIView+Image.m */,
			);
			path = "UIImage+PDF";
			sourceTree = "<group>";
		};
		7A0816C716FC063A00DBC505 /* elements */ = {
			isa = PBXGroup;
			children = (
				7A0816BE16FC043F00DBC505 /* TagView.h */,
				7A0816BF16FC043F00DBC505 /* TagView.m */,
				7A0816C116FC05B200DBC505 /* FlyingObject.h */,
				7A0816C416FC05CB00DBC505 /* CloudView.h */,
				7A0816C516FC05CB00DBC505 /* CloudView.m */,
			);
			name = elements;
			sourceTree = "<group>";
		};
		7A0816C816FC1B9B00DBC505 /* fonts */ = {
			isa = PBXGroup;
			children = (
				7A0816D816FC272700DBC505 /* font6.ttf */,
				7A0816D616FC269200DBC505 /* font3.ttf */,
				7A0816D116FC1C1300DBC505 /* font5.ttf */,
				7A0816CF16FC1BEB00DBC505 /* font4.ttf */,
				7A0816CB16FC1BCA00DBC505 /* font2.ttf */,
				7A0816C916FC1BA800DBC505 /* font1.ttf */,
				7A0816D316FC22C500DBC505 /* fonts.plist */,
			);
			path = fonts;
			sourceTree = "<group>";
		};
		7A0816DA16FC2AA000DBC505 /* sounds */ = {
			isa = PBXGroup;
			children = (
				7A0816DB16FC2AB100DBC505 /* wheeee.aiff */,
			);
			path = sounds;
			sourceTree = "<group>";
		};
		7A79A21D16F92F2500CA2DDA /* Context */ = {
			isa = PBXGroup;
			children = (
				7A79A22116F92F3B00CA2DDA /* AppContext.h */,
				7A79A22216F92F3B00CA2DDA /* AppContext.m */,
			);
			path = Context;
			sourceTree = "<group>";
		};
		7A79A22A16F9404700CA2DDA /* Controllers */ = {
			isa = PBXGroup;
			children = (
				7A7EFEA916FA160D005DA4BA /* TagCloudViewController.h */,
				7A7EFEAA16FA160D005DA4BA /* TagCloudViewController.m */,
				7A0816E216FC2B7D00DBC505 /* TagCloudViewController+Graphics.m */,
				7A0816E716FC31F100DBC505 /* TagCloudViewController+Sensors.m */,
				7A7EFEAB16FA160D005DA4BA /* TagCloudViewController.xib */,
				7AF3B00616FCB6A2007C0067 /* EventListViewController.h */,
				7AF3B00716FCB6A2007C0067 /* EventListViewController.m */,
				7AF3B00816FCB6A2007C0067 /* EventListViewController.xib */,
			);
			path = Controllers;
			sourceTree = "<group>";
		};
		7A79A22B16F9410E00CA2DDA /* Fixtures */ = {
			isa = PBXGroup;
			children = (
				7A79A22C16F9415800CA2DDA /* singleEvent.json */,
			);
			path = Fixtures;
			sourceTree = "<group>";
		};
		7A79A3C916FA01F300CA2DDA /* AFOAuth2Client */ = {
			isa = PBXGroup;
			children = (
				7A79A3CA16FA01F300CA2DDA /* AFOAuth2Client.h */,
				7A79A3CB16FA01F300CA2DDA /* AFOAuth2Client.m */,
			);
			path = AFOAuth2Client;
			sourceTree = "<group>";
		};
		7A7EFEB216FA1967005DA4BA /* Utils */ = {
			isa = PBXGroup;
			children = (
				7A7EFEB616FA1A30005DA4BA /* KeyUtils.h */,
				7A7EFEB716FA1A30005DA4BA /* KeyUtils.m */,
				7A08169616FBD11700DBC505 /* DataUtils.h */,
				7A08169716FBD11700DBC505 /* DataUtils.m */,
				7AF3AFFB16FCA7AC007C0067 /* HintManager.h */,
				7AF3AFFC16FCA7AC007C0067 /* HintManager.m */,
			);
			path = Utils;
			sourceTree = "<group>";
		};
		7ACAF87716F7EF6900CB6591 = {
			isa = PBXGroup;
			children = (
				7A0816E416FC317F00DBC505 /* CoreMotion.framework */,
				7A0816DF16FC2B3700DBC505 /* AVFoundation.framework */,
				7A0816DD16FC2B2400DBC505 /* AudioToolbox.framework */,
				7A08169416FBC9FC00DBC505 /* CoreLocation.framework */,
				7ACAF8C116F7EF7F00CB6591 /* lib */,
				7ACAF88916F7EF6900CB6591 /* EventbriteChallenge */,
				7ACAF8B016F7EF6900CB6591 /* EventbriteChallengeTests */,
				7ACAF88216F7EF6900CB6591 /* Frameworks */,
				7ACAF88116F7EF6900CB6591 /* Products */,
			);
			sourceTree = "<group>";
		};
		7ACAF88116F7EF6900CB6591 /* Products */ = {
			isa = PBXGroup;
			children = (
				7ACAF88016F7EF6900CB6591 /* EventbriteChallenge.app */,
				7ACAF8A916F7EF6900CB6591 /* EventbriteChallengeTests.octest */,
			);
			name = Products;
			sourceTree = "<group>";
		};
		7ACAF88216F7EF6900CB6591 /* Frameworks */ = {
			isa = PBXGroup;
			children = (
				7ACAFEA916F815F700CB6591 /* SystemConfiguration.framework */,
				7ACAFEA716F815F000CB6591 /* Security.framework */,
				7ACAFEA516F815EB00CB6591 /* MobileCoreServices.framework */,
				7ACAFEA316F8159F00CB6591 /* CFNetwork.framework */,
				7ACAFEA116F8156E00CB6591 /* CoreData.framework */,
				7ACAF88316F7EF6900CB6591 /* UIKit.framework */,
				7ACAF88516F7EF6900CB6591 /* Foundation.framework */,
				7ACAF88716F7EF6900CB6591 /* CoreGraphics.framework */,
				7ACAF8AA16F7EF6900CB6591 /* SenTestingKit.framework */,
			);
			name = Frameworks;
			sourceTree = "<group>";
		};
		7ACAF88916F7EF6900CB6591 /* EventbriteChallenge */ = {
			isa = PBXGroup;
			children = (
				7A0816A116FBFF2900DBC505 /* resources */,
				7A08169C16FBF50400DBC505 /* UI Controls */,
				7A7EFEB216FA1967005DA4BA /* Utils */,
				7A79A22A16F9404700CA2DDA /* Controllers */,
				7A79A21D16F92F2500CA2DDA /* Context */,
				7ACAFEB616F8275100CB6591 /* Model */,
				7ACAF89216F7EF6900CB6591 /* AppDelegate.h */,
				7ACAF89316F7EF6900CB6591 /* AppDelegate.m */,
				7ACAF88A16F7EF6900CB6591 /* Supporting Files */,
			);
			path = EventbriteChallenge;
			sourceTree = "<group>";
		};
		7ACAF88A16F7EF6900CB6591 /* Supporting Files */ = {
			isa = PBXGroup;
			children = (
				7ACAF88B16F7EF6900CB6591 /* EventbriteChallenge-Info.plist */,
				7ACAF88C16F7EF6900CB6591 /* InfoPlist.strings */,
				7ACAF88F16F7EF6900CB6591 /* main.m */,
				7ACAF89116F7EF6900CB6591 /* EventbriteChallenge-Prefix.pch */,
				7ACAF89516F7EF6900CB6591 /* Default.png */,
				7ACAF89716F7EF6900CB6591 /* Default@2x.png */,
				7ACAF89916F7EF6900CB6591 /* Default-568h@2x.png */,
				7A7EFEAE16FA1640005DA4BA /* MainWindow.xib */,
				7A7EFEB316FA1A14005DA4BA /* KeyTest.h */,
				7A7EFEB416FA1A14005DA4BA /* KeyTest.m */,
			);
			name = "Supporting Files";
			sourceTree = "<group>";
		};
		7ACAF8B016F7EF6900CB6591 /* EventbriteChallengeTests */ = {
			isa = PBXGroup;
			children = (
				7A79A22B16F9410E00CA2DDA /* Fixtures */,
				7ACAF8B616F7EF6900CB6591 /* EventbriteChallengeTests.h */,
				7ACAF8B716F7EF6900CB6591 /* EventbriteChallengeTests.m */,
				7ACAF8B116F7EF6900CB6591 /* Supporting Files */,
				7A79A3DA16FA0F4C00CA2DDA /* EventbriteChallengeContextTests.h */,
				7A79A3DB16FA0F4C00CA2DDA /* EventbriteChallengeContextTests.m */,
				7A08169916FBD33D00DBC505 /* DataUtilsTest.h */,
				7A08169A16FBD33D00DBC505 /* DataUtilsTest.m */,
			);
			path = EventbriteChallengeTests;
			sourceTree = "<group>";
		};
		7ACAF8B116F7EF6900CB6591 /* Supporting Files */ = {
			isa = PBXGroup;
			children = (
				7ACAF8B216F7EF6900CB6591 /* EventbriteChallengeTests-Info.plist */,
				7ACAF8B316F7EF6900CB6591 /* InfoPlist.strings */,
			);
			name = "Supporting Files";
			sourceTree = "<group>";
		};
		7ACAF8C116F7EF7F00CB6591 /* lib */ = {
			isa = PBXGroup;
			children = (
				7AF3B00316FCA868007C0067 /* NSTimer+Blocks.h */,
				7AF3B00416FCA868007C0067 /* NSTimer+Blocks.m */,
				7A0816A916FBFF5C00DBC505 /* UIImage+PDF */,
				7A08168C16FBC8D600DBC505 /* MBProgressHUD.h */,
				7A08168D16FBC8D600DBC505 /* MBProgressHUD.m */,
				7A79A3C916FA01F300CA2DDA /* AFOAuth2Client */,
				7ACAFED216F828EA00CB6591 /* JSONKit */,
				7ACAFEC016F828CA00CB6591 /* RestKit.xcodeproj */,
			);
			name = lib;
			path = EventbriteChallenge/lib;
			sourceTree = "<group>";
		};
		7ACAFEB616F8275100CB6591 /* Model */ = {
			isa = PBXGroup;
			children = (
				7ACAFEB816F8276200CB6591 /* Model.h */,
				7ACAFEB716F8276200CB6591 /* Model.m */,
				7ACAFEE116F82E1300CB6591 /* ModelMapping.h */,
				7ACAFEE216F82E1300CB6591 /* ModelMapping.m */,
			);
			path = Model;
			sourceTree = "<group>";
		};
		7ACAFEC116F828CA00CB6591 /* Products */ = {
			isa = PBXGroup;
			children = (
				7ACAFEC816F828CA00CB6591 /* libRestKit.a */,
				7ACAFECA16F828CA00CB6591 /* RestKitTests.octest */,
				7ACAFECC16F828CA00CB6591 /* RestKit.framework */,
				7ACAFECE16F828CA00CB6591 /* RestKitFrameworkTests.octest */,
			);
			name = Products;
			sourceTree = "<group>";
		};
		7ACAFED216F828EA00CB6591 /* JSONKit */ = {
			isa = PBXGroup;
			children = (
				7ACAFED416F828EA00CB6591 /* JSONKit.h */,
				7ACAFED516F828EA00CB6591 /* JSONKit.m */,
			);
			path = JSONKit;
			sourceTree = "<group>";
		};
/* End PBXGroup section */

/* Begin PBXNativeTarget section */
		7ACAF87F16F7EF6900CB6591 /* EventbriteChallenge */ = {
			isa = PBXNativeTarget;
			buildConfigurationList = 7ACAF8BB16F7EF6900CB6591 /* Build configuration list for PBXNativeTarget "EventbriteChallenge" */;
			buildPhases = (
				7ACAF87C16F7EF6900CB6591 /* Sources */,
				7ACAF87D16F7EF6900CB6591 /* Frameworks */,
				7ACAF87E16F7EF6900CB6591 /* Resources */,
			);
			buildRules = (
			);
			dependencies = (
				7A79A37416F9529200CA2DDA /* PBXTargetDependency */,
			);
			name = EventbriteChallenge;
			productName = EventbriteChallenge;
			productReference = 7ACAF88016F7EF6900CB6591 /* EventbriteChallenge.app */;
			productType = "com.apple.product-type.application";
		};
		7ACAF8A816F7EF6900CB6591 /* EventbriteChallengeTests */ = {
			isa = PBXNativeTarget;
			buildConfigurationList = 7ACAF8BE16F7EF6900CB6591 /* Build configuration list for PBXNativeTarget "EventbriteChallengeTests" */;
			buildPhases = (
				7ACAF8A416F7EF6900CB6591 /* Sources */,
				7ACAF8A516F7EF6900CB6591 /* Frameworks */,
				7ACAF8A616F7EF6900CB6591 /* Resources */,
				7ACAF8A716F7EF6900CB6591 /* ShellScript */,
			);
			buildRules = (
			);
			dependencies = (
				7ACAF8AF16F7EF6900CB6591 /* PBXTargetDependency */,
			);
			name = EventbriteChallengeTests;
			productName = EventbriteChallengeTests;
			productReference = 7ACAF8A916F7EF6900CB6591 /* EventbriteChallengeTests.octest */;
			productType = "com.apple.product-type.bundle";
		};
/* End PBXNativeTarget section */

/* Begin PBXProject section */
		7ACAF87816F7EF6900CB6591 /* Project object */ = {
			isa = PBXProject;
			attributes = {
				LastUpgradeCheck = 0460;
				ORGANIZATIONNAME = "Eugene Polyakov";
			};
			buildConfigurationList = 7ACAF87B16F7EF6900CB6591 /* Build configuration list for PBXProject "EventbriteChallenge" */;
			compatibilityVersion = "Xcode 3.2";
			developmentRegion = English;
			hasScannedForEncodings = 0;
			knownRegions = (
				en,
			);
			mainGroup = 7ACAF87716F7EF6900CB6591;
			productRefGroup = 7ACAF88116F7EF6900CB6591 /* Products */;
			projectDirPath = "";
			projectReferences = (
				{
					ProductGroup = 7ACAFEC116F828CA00CB6591 /* Products */;
					ProjectRef = 7ACAFEC016F828CA00CB6591 /* RestKit.xcodeproj */;
				},
			);
			projectRoot = "";
			targets = (
				7ACAF87F16F7EF6900CB6591 /* EventbriteChallenge */,
				7ACAF8A816F7EF6900CB6591 /* EventbriteChallengeTests */,
			);
		};
/* End PBXProject section */

/* Begin PBXReferenceProxy section */
		7ACAFEC816F828CA00CB6591 /* libRestKit.a */ = {
			isa = PBXReferenceProxy;
			fileType = archive.ar;
			path = libRestKit.a;
			remoteRef = 7ACAFEC716F828CA00CB6591 /* PBXContainerItemProxy */;
			sourceTree = BUILT_PRODUCTS_DIR;
		};
		7ACAFECA16F828CA00CB6591 /* RestKitTests.octest */ = {
			isa = PBXReferenceProxy;
			fileType = wrapper.cfbundle;
			path = RestKitTests.octest;
			remoteRef = 7ACAFEC916F828CA00CB6591 /* PBXContainerItemProxy */;
			sourceTree = BUILT_PRODUCTS_DIR;
		};
		7ACAFECC16F828CA00CB6591 /* RestKit.framework */ = {
			isa = PBXReferenceProxy;
			fileType = wrapper.framework;
			path = RestKit.framework;
			remoteRef = 7ACAFECB16F828CA00CB6591 /* PBXContainerItemProxy */;
			sourceTree = BUILT_PRODUCTS_DIR;
		};
		7ACAFECE16F828CA00CB6591 /* RestKitFrameworkTests.octest */ = {
			isa = PBXReferenceProxy;
			fileType = wrapper.cfbundle;
			path = RestKitFrameworkTests.octest;
			remoteRef = 7ACAFECD16F828CA00CB6591 /* PBXContainerItemProxy */;
			sourceTree = BUILT_PRODUCTS_DIR;
		};
/* End PBXReferenceProxy section */

/* Begin PBXResourcesBuildPhase section */
		7ACAF87E16F7EF6900CB6591 /* Resources */ = {
			isa = PBXResourcesBuildPhase;
			buildActionMask = 2147483647;
			files = (
				7ACAF88E16F7EF6900CB6591 /* InfoPlist.strings in Resources */,
				7ACAF89616F7EF6900CB6591 /* Default.png in Resources */,
				7ACAF89816F7EF6900CB6591 /* Default@2x.png in Resources */,
				7ACAF89A16F7EF6900CB6591 /* Default-568h@2x.png in Resources */,
				7A7EFEAD16FA160D005DA4BA /* TagCloudViewController.xib in Resources */,
				7A7EFEAF16FA1640005DA4BA /* MainWindow.xib in Resources */,
				7A0816A816FBFF2900DBC505 /* cloud1_.pdf in Resources */,
				7A0816B316FBFF5C00DBC505 /* LICENSE.txt in Resources */,
				7A0816BC16FC040900DBC505 /* back.jpg in Resources */,
				7A0816BD16FC040900DBC505 /* back@2x.jpg in Resources */,
				7A0816CA16FC1BA800DBC505 /* font1.ttf in Resources */,
				7A0816CC16FC1BCA00DBC505 /* font2.ttf in Resources */,
				7A0816D016FC1BEB00DBC505 /* font4.ttf in Resources */,
				7A0816D216FC1C1300DBC505 /* font5.ttf in Resources */,
				7A0816D416FC22C500DBC505 /* fonts.plist in Resources */,
				7A0816D716FC269200DBC505 /* font3.ttf in Resources */,
				7A0816D916FC272700DBC505 /* font6.ttf in Resources */,
				7A0816DC16FC2AB100DBC505 /* wheeee.aiff in Resources */,
				7A04799016FC369000D71C2A /* Icon-114.png in Resources */,
				7A04799116FC369000D71C2A /* Icon-144.png in Resources */,
				7A04799216FC369000D71C2A /* Icon-57.png in Resources */,
				7A04799316FC369000D71C2A /* Icon-72.png in Resources */,
				7A04799416FC369000D71C2A /* iTunesArtwork in Resources */,
				7AF3AFFA16FCA76A007C0067 /* callout.pdf in Resources */,
				7AF3B00A16FCB6A2007C0067 /* EventListViewController.xib in Resources */,
				7AF3B00D16FCBB46007C0067 /* backBtn.png in Resources */,
				7AF3B00E16FCBB46007C0067 /* backBtn@2x.png in Resources */,
			);
			runOnlyForDeploymentPostprocessing = 0;
		};
		7ACAF8A616F7EF6900CB6591 /* Resources */ = {
			isa = PBXResourcesBuildPhase;
			buildActionMask = 2147483647;
			files = (
				7ACAF8B516F7EF6900CB6591 /* InfoPlist.strings in Resources */,
				7A79A22D16F9415800CA2DDA /* singleEvent.json in Resources */,
				7A0816D516FC22C500DBC505 /* fonts.plist in Resources */,
			);
			runOnlyForDeploymentPostprocessing = 0;
		};
/* End PBXResourcesBuildPhase section */

/* Begin PBXShellScriptBuildPhase section */
		7ACAF8A716F7EF6900CB6591 /* ShellScript */ = {
			isa = PBXShellScriptBuildPhase;
			buildActionMask = 2147483647;
			files = (
			);
			inputPaths = (
			);
			outputPaths = (
			);
			runOnlyForDeploymentPostprocessing = 0;
			shellPath = /bin/sh;
			shellScript = "# Run the unit tests in this test bundle.\n\"${SYSTEM_DEVELOPER_DIR}/Tools/RunUnitTests\"\n";
		};
/* End PBXShellScriptBuildPhase section */

/* Begin PBXSourcesBuildPhase section */
		7ACAF87C16F7EF6900CB6591 /* Sources */ = {
			isa = PBXSourcesBuildPhase;
			buildActionMask = 2147483647;
			files = (
				7ACAF89016F7EF6900CB6591 /* main.m in Sources */,
				7ACAF89416F7EF6900CB6591 /* AppDelegate.m in Sources */,
				7ACAFEB916F8276200CB6591 /* Model.m in Sources */,
				7ACAFED916F828EA00CB6591 /* JSONKit.m in Sources */,
				7ACAFEE316F82E1300CB6591 /* ModelMapping.m in Sources */,
				7A79A22316F92F3B00CA2DDA /* AppContext.m in Sources */,
				7A79A3D916FA0E0200CA2DDA /* AFOAuth2Client.m in Sources */,
				7A7EFEAC16FA160D005DA4BA /* TagCloudViewController.m in Sources */,
				7A7EFEB816FA1A30005DA4BA /* KeyUtils.m in Sources */,
				7A08168E16FBC8D600DBC505 /* MBProgressHUD.m in Sources */,
				7A08169816FBD11700DBC505 /* DataUtils.m in Sources */,
				7A08169F16FBF52600DBC505 /* TagCloudView.m in Sources */,
				7A0816B416FBFF5C00DBC505 /* NSString+MD5.m in Sources */,
				7A0816B516FBFF5C00DBC505 /* PDFView.m in Sources */,
				7A0816B616FBFF5C00DBC505 /* UIImage+PDF.m in Sources */,
				7A0816B716FBFF5C00DBC505 /* UIView+Image.m in Sources */,
				7A0816C016FC043F00DBC505 /* TagView.m in Sources */,
				7A0816C616FC05CB00DBC505 /* CloudView.m in Sources */,
				7A0816E316FC2B7D00DBC505 /* TagCloudViewController+Graphics.m in Sources */,
				7A0816E816FC31F100DBC505 /* TagCloudViewController+Sensors.m in Sources */,
				7AF3AFFD16FCA7AC007C0067 /* HintManager.m in Sources */,
				7AF3B00516FCA868007C0067 /* NSTimer+Blocks.m in Sources */,
				7AF3B00916FCB6A2007C0067 /* EventListViewController.m in Sources */,
			);
			runOnlyForDeploymentPostprocessing = 0;
		};
		7ACAF8A416F7EF6900CB6591 /* Sources */ = {
			isa = PBXSourcesBuildPhase;
			buildActionMask = 2147483647;
			files = (
				7ACAF8B816F7EF6900CB6591 /* EventbriteChallengeTests.m in Sources */,
				7ACAFEBA16F8276200CB6591 /* Model.m in Sources */,
				7ACAFEDA16F828EA00CB6591 /* JSONKit.m in Sources */,
				7ACAFEE416F82E1300CB6591 /* ModelMapping.m in Sources */,
				7A79A3DC16FA0F4C00CA2DDA /* EventbriteChallengeContextTests.m in Sources */,
				7A7EFEB516FA1A14005DA4BA /* KeyTest.m in Sources */,
				7A7EFEB916FA1A30005DA4BA /* KeyUtils.m in Sources */,
				7A08169B16FBD33D00DBC505 /* DataUtilsTest.m in Sources */,
				7A0816A016FBF52600DBC505 /* TagCloudView.m in Sources */,
			);
			runOnlyForDeploymentPostprocessing = 0;
		};
/* End PBXSourcesBuildPhase section */

/* Begin PBXTargetDependency section */
		7A79A37416F9529200CA2DDA /* PBXTargetDependency */ = {
			isa = PBXTargetDependency;
			name = RestKit;
			targetProxy = 7A79A37316F9529200CA2DDA /* PBXContainerItemProxy */;
		};
		7ACAF8AF16F7EF6900CB6591 /* PBXTargetDependency */ = {
			isa = PBXTargetDependency;
			target = 7ACAF87F16F7EF6900CB6591 /* EventbriteChallenge */;
			targetProxy = 7ACAF8AE16F7EF6900CB6591 /* PBXContainerItemProxy */;
		};
/* End PBXTargetDependency section */

/* Begin PBXVariantGroup section */
		7ACAF88C16F7EF6900CB6591 /* InfoPlist.strings */ = {
			isa = PBXVariantGroup;
			children = (
				7ACAF88D16F7EF6900CB6591 /* en */,
			);
			name = InfoPlist.strings;
			sourceTree = "<group>";
		};
		7ACAF8B316F7EF6900CB6591 /* InfoPlist.strings */ = {
			isa = PBXVariantGroup;
			children = (
				7ACAF8B416F7EF6900CB6591 /* en */,
			);
			name = InfoPlist.strings;
			sourceTree = "<group>";
		};
/* End PBXVariantGroup section */

/* Begin XCBuildConfiguration section */
		7ACAF8B916F7EF6900CB6591 /* Debug */ = {
			isa = XCBuildConfiguration;
			buildSettings = {
				ALWAYS_SEARCH_USER_PATHS = NO;
				CLANG_CXX_LANGUAGE_STANDARD = "gnu++0x";
				CLANG_CXX_LIBRARY = "libc++";
				CLANG_ENABLE_OBJC_ARC = YES;
				CLANG_WARN_CONSTANT_CONVERSION = YES;
				CLANG_WARN_EMPTY_BODY = YES;
				CLANG_WARN_ENUM_CONVERSION = YES;
				CLANG_WARN_INT_CONVERSION = YES;
				CLANG_WARN__DUPLICATE_METHOD_MATCH = YES;
				"CODE_SIGN_IDENTITY[sdk=iphoneos*]" = "iPhone Developer";
				COPY_PHASE_STRIP = NO;
				GCC_C_LANGUAGE_STANDARD = gnu99;
				GCC_DYNAMIC_NO_PIC = NO;
				GCC_OPTIMIZATION_LEVEL = 0;
				GCC_PREPROCESSOR_DEFINITIONS = (
					"DEBUG=1",
					"$(inherited)",
				);
				GCC_SYMBOLS_PRIVATE_EXTERN = NO;
				GCC_WARN_ABOUT_RETURN_TYPE = YES;
				GCC_WARN_UNINITIALIZED_AUTOS = YES;
				GCC_WARN_UNUSED_VARIABLE = YES;
				HEADER_SEARCH_PATHS = "";
				IPHONEOS_DEPLOYMENT_TARGET = 6.0;
				ONLY_ACTIVE_ARCH = YES;
				SDKROOT = iphoneos;
				TARGETED_DEVICE_FAMILY = "1,2";
			};
			name = Debug;
		};
		7ACAF8BA16F7EF6900CB6591 /* Release */ = {
			isa = XCBuildConfiguration;
			buildSettings = {
				ALWAYS_SEARCH_USER_PATHS = NO;
				CLANG_CXX_LANGUAGE_STANDARD = "gnu++0x";
				CLANG_CXX_LIBRARY = "libc++";
				CLANG_ENABLE_OBJC_ARC = YES;
				CLANG_WARN_CONSTANT_CONVERSION = YES;
				CLANG_WARN_EMPTY_BODY = YES;
				CLANG_WARN_ENUM_CONVERSION = YES;
				CLANG_WARN_INT_CONVERSION = YES;
				CLANG_WARN__DUPLICATE_METHOD_MATCH = YES;
				"CODE_SIGN_IDENTITY[sdk=iphoneos*]" = "iPhone Developer";
				COPY_PHASE_STRIP = YES;
				GCC_C_LANGUAGE_STANDARD = gnu99;
				GCC_WARN_ABOUT_RETURN_TYPE = YES;
				GCC_WARN_UNINITIALIZED_AUTOS = YES;
				GCC_WARN_UNUSED_VARIABLE = YES;
				HEADER_SEARCH_PATHS = "";
				IPHONEOS_DEPLOYMENT_TARGET = 6.0;
				OTHER_CFLAGS = "-DNS_BLOCK_ASSERTIONS=1";
				SDKROOT = iphoneos;
				TARGETED_DEVICE_FAMILY = "1,2";
				VALIDATE_PRODUCT = YES;
			};
			name = Release;
		};
		7ACAF8BC16F7EF6900CB6591 /* Debug */ = {
			isa = XCBuildConfiguration;
			buildSettings = {
				FRAMEWORK_SEARCH_PATHS = (
					"$(inherited)",
					"\"$(SYSTEM_APPS_DIR)/Xcode.app/Contents/Developer/Library/Frameworks\"",
				);
				GCC_PRECOMPILE_PREFIX_HEADER = YES;
				GCC_PREFIX_HEADER = "EventbriteChallenge/EventbriteChallenge-Prefix.pch";
				HEADER_SEARCH_PATHS = (
					"\"$(SRCROOT)/EventBriteChallenge/lib/SphereView\"",
					"\"$(BUILT_PRODUCTS_DIR)/../../Headers\"",
					"\"$(SRCROOT)/EventBriteChallenge/lib/RestKit/Vendor/AFNetworking/AFNetworking\"",
				);
				INFOPLIST_FILE = "EventbriteChallenge/EventbriteChallenge-Info.plist";
				LIBRARY_SEARCH_PATHS = "$(inherited)";
				OTHER_LDFLAGS = (
					"-all_load",
					"-ObjC",
				);
				PRODUCT_NAME = "$(TARGET_NAME)";
				USER_HEADER_SEARCH_PATHS = "";
				WRAPPER_EXTENSION = app;
			};
			name = Debug;
		};
		7ACAF8BD16F7EF6900CB6591 /* Release */ = {
			isa = XCBuildConfiguration;
			buildSettings = {
				FRAMEWORK_SEARCH_PATHS = (
					"$(inherited)",
					"\"$(SYSTEM_APPS_DIR)/Xcode.app/Contents/Developer/Library/Frameworks\"",
				);
				GCC_PRECOMPILE_PREFIX_HEADER = YES;
				GCC_PREFIX_HEADER = "EventbriteChallenge/EventbriteChallenge-Prefix.pch";
				HEADER_SEARCH_PATHS = (
					"\"$(SRCROOT)/EventBriteChallenge/lib/SphereView\"",
					"\"$(BUILT_PRODUCTS_DIR)/../../Headers\"",
					"\"$(SRCROOT)/EventBriteChallenge/lib/RestKit/Vendor/AFNetworking/AFNetworking\"",
				);
				INFOPLIST_FILE = "EventbriteChallenge/EventbriteChallenge-Info.plist";
				LIBRARY_SEARCH_PATHS = "$(inherited)";
				OTHER_LDFLAGS = (
					"-all_load",
					"-ObjC",
				);
				PRODUCT_NAME = "$(TARGET_NAME)";
				USER_HEADER_SEARCH_PATHS = "";
				WRAPPER_EXTENSION = app;
			};
			name = Release;
		};
		7ACAF8BF16F7EF6900CB6591 /* Debug */ = {
			isa = XCBuildConfiguration;
			buildSettings = {
				BUNDLE_LOADER = "$(BUILT_PRODUCTS_DIR)/EventbriteChallenge.app/EventbriteChallenge";
				EventBriteAPIKey = C2XEXIOL22JPUE2DYQ;
				FRAMEWORK_SEARCH_PATHS = (
					"\"$(SDKROOT)/Developer/Library/Frameworks\"",
					"\"$(DEVELOPER_LIBRARY_DIR)/Frameworks\"",
				);
				GCC_PRECOMPILE_PREFIX_HEADER = YES;
				GCC_PREFIX_HEADER = "EventbriteChallenge/EventbriteChallenge-Prefix.pch";
				HEADER_SEARCH_PATHS = "\"$(BUILT_PRODUCTS_DIR)/../../Headers\"";
				INFOPLIST_FILE = "EventbriteChallengeTests/EventbriteChallengeTests-Info.plist";
				LIBRARY_SEARCH_PATHS = "$(inherited)";
				OTHER_LDFLAGS = (
					"-ObjC",
					"-all_load",
				);
				PRODUCT_NAME = "$(TARGET_NAME)";
				TEST_HOST = "$(BUNDLE_LOADER)";
				WRAPPER_EXTENSION = octest;
			};
			name = Debug;
		};
		7ACAF8C016F7EF6900CB6591 /* Release */ = {
			isa = XCBuildConfiguration;
			buildSettings = {
				BUNDLE_LOADER = "$(BUILT_PRODUCTS_DIR)/EventbriteChallenge.app/EventbriteChallenge";
				EventBriteAPIKey = C2XEXIOL22JPUE2DYQ;
				FRAMEWORK_SEARCH_PATHS = (
					"\"$(SDKROOT)/Developer/Library/Frameworks\"",
					"\"$(DEVELOPER_LIBRARY_DIR)/Frameworks\"",
				);
				GCC_PRECOMPILE_PREFIX_HEADER = YES;
				GCC_PREFIX_HEADER = "EventbriteChallenge/EventbriteChallenge-Prefix.pch";
				HEADER_SEARCH_PATHS = "\"$(BUILT_PRODUCTS_DIR)/../../Headers\"";
				INFOPLIST_FILE = "EventbriteChallengeTests/EventbriteChallengeTests-Info.plist";
				LIBRARY_SEARCH_PATHS = "$(inherited)";
				OTHER_LDFLAGS = (
					"-ObjC",
					"-all_load",
				);
				PRODUCT_NAME = "$(TARGET_NAME)";
				TEST_HOST = "$(BUNDLE_LOADER)";
				WRAPPER_EXTENSION = octest;
			};
			name = Release;
		};
/* End XCBuildConfiguration section */

/* Begin XCConfigurationList section */
		7ACAF87B16F7EF6900CB6591 /* Build configuration list for PBXProject "EventbriteChallenge" */ = {
			isa = XCConfigurationList;
			buildConfigurations = (
				7ACAF8B916F7EF6900CB6591 /* Debug */,
				7ACAF8BA16F7EF6900CB6591 /* Release */,
			);
			defaultConfigurationIsVisible = 0;
			defaultConfigurationName = Release;
		};
		7ACAF8BB16F7EF6900CB6591 /* Build configuration list for PBXNativeTarget "EventbriteChallenge" */ = {
			isa = XCConfigurationList;
			buildConfigurations = (
				7ACAF8BC16F7EF6900CB6591 /* Debug */,
				7ACAF8BD16F7EF6900CB6591 /* Release */,
			);
			defaultConfigurationIsVisible = 0;
			defaultConfigurationName = Release;
		};
		7ACAF8BE16F7EF6900CB6591 /* Build configuration list for PBXNativeTarget "EventbriteChallengeTests" */ = {
			isa = XCConfigurationList;
			buildConfigurations = (
				7ACAF8BF16F7EF6900CB6591 /* Debug */,
				7ACAF8C016F7EF6900CB6591 /* Release */,
			);
			defaultConfigurationIsVisible = 0;
			defaultConfigurationName = Release;
		};
/* End XCConfigurationList section */
	};
	rootObject = 7ACAF87816F7EF6900CB6591 /* Project object */;
}
